{
  "name": "Recommendation-Algorithms",
  "lockfileVersion": 3,
  "requires": true,
  "packages": {
    "": {
      "dependencies": {
        "brain": "^1.0.0",
        "ml-matrix": "^6.11.0",
        "node-fetch": "^3.3.2"
      }
    },
    "node_modules/brain": {
      "version": "1.0.0",
      "resolved": "https://registry.npmjs.org/brain/-/brain-1.0.0.tgz",
      "integrity": "sha512-0+IzJ2IRefmRFe6wF3zn/Btu6+8Z2pYsTmWISwssDEwP8A0FUJPzGrAVICKs4+1jSghxTzt95BXZjD3o5fr2sQ==",
      "deprecated": "Package no longer supported. Contact support@npmjs.com for more info."
    },
    "node_modules/data-uri-to-buffer": {
      "version": "4.0.1",
      "resolved": "https://registry.npmjs.org/data-uri-to-buffer/-/data-uri-to-buffer-4.0.1.tgz",
      "integrity": "sha512-0R9ikRb668HB7QDxT1vkpuUBtqc53YyAwMwGeUFKRojY/NWKvdZ+9UYtRfGmhqNbRkTSVpMbmyhXipFFv2cb/A==",
      "engines": {
        "node": ">= 12"
      }
    },
    "node_modules/fetch-blob": {
      "version": "3.2.0",
      "resolved": "https://registry.npmjs.org/fetch-blob/-/fetch-blob-3.2.0.tgz",
      "integrity": "sha512-7yAQpD2UMJzLi1Dqv7qFYnPbaPx7ZfFK6PiIxQ4PfkGPyNyl2Ugx+a/umUonmKqjhM4DnfbMvdX6otXq83soQQ==",
      "funding": [
        {
          "type": "github",
          "url": "https://github.com/sponsors/jimmywarting"
        },
        {
          "type": "paypal",
          "url": "https://paypal.me/jimmywarting"
        }
      ],
      "dependencies": {
        "node-domexception": "^1.0.0",
        "web-streams-polyfill": "^3.0.3"
      },
      "engines": {
        "node": "^12.20 || >= 14.13"
      }
    },
    "node_modules/formdata-polyfill": {
      "version": "4.0.10",
      "resolved": "https://registry.npmjs.org/formdata-polyfill/-/formdata-polyfill-4.0.10.tgz",
      "integrity": "sha512-buewHzMvYL29jdeQTVILecSaZKnt/RJWjoZCF5OW60Z67/GmSLBkOFM7qh1PI3zFNtJbaZL5eQu1vLfazOwj4g==",
      "dependencies": {
        "fetch-blob": "^3.1.2"
      },
      "engines": {
        "node": ">=12.20.0"
      }
    },
    "node_modules/is-any-array": {
      "version": "2.0.1",
      "resolved": "https://registry.npmjs.org/is-any-array/-/is-any-array-2.0.1.tgz",
      "integrity": "sha512-UtilS7hLRu++wb/WBAw9bNuP1Eg04Ivn1vERJck8zJthEvXCBEBpGR/33u/xLKWEQf95803oalHrVDptcAvFdQ=="
    },
    "node_modules/ml-array-max": {
      "version": "1.2.4",
      "resolved": "https://registry.npmjs.org/ml-array-max/-/ml-array-max-1.2.4.tgz",
      "integrity": "sha512-BlEeg80jI0tW6WaPyGxf5Sa4sqvcyY6lbSn5Vcv44lp1I2GR6AWojfUvLnGTNsIXrZ8uqWmo8VcG1WpkI2ONMQ==",
      "dependencies": {
        "is-any-array": "^2.0.0"
      }
    },
    "node_modules/ml-array-min": {
      "version": "1.2.3",
      "resolved": "https://registry.npmjs.org/ml-array-min/-/ml-array-min-1.2.3.tgz",
      "integrity": "sha512-VcZ5f3VZ1iihtrGvgfh/q0XlMobG6GQ8FsNyQXD3T+IlstDv85g8kfV0xUG1QPRO/t21aukaJowDzMTc7j5V6Q==",
      "dependencies": {
        "is-any-array": "^2.0.0"
      }
    },
    "node_modules/ml-array-rescale": {
      "version": "1.3.7",
      "resolved": "https://registry.npmjs.org/ml-array-rescale/-/ml-array-rescale-1.3.7.tgz",
      "integrity": "sha512-48NGChTouvEo9KBctDfHC3udWnQKNKEWN0ziELvY3KG25GR5cA8K8wNVzracsqSW1QEkAXjTNx+ycgAv06/1mQ==",
      "dependencies": {
        "is-any-array": "^2.0.0",
        "ml-array-max": "^1.2.4",
        "ml-array-min": "^1.2.3"
      }
    },
    "node_modules/ml-matrix": {
      "version": "6.11.0",
      "resolved": "https://registry.npmjs.org/ml-matrix/-/ml-matrix-6.11.0.tgz",
      "integrity": "sha512-7jr9NmFRkaUxbKslfRu3aZOjJd2LkSitCGv+QH9PF0eJoEG7jIpjXra1Vw8/kgao8+kHCSsJONG6vfWmXQ+/Eg==",
      "dependencies": {
        "is-any-array": "^2.0.1",
        "ml-array-rescale": "^1.3.7"
      }
    },
    "node_modules/node-domexception": {
      "version": "1.0.0",
      "resolved": "https://registry.npmjs.org/node-domexception/-/node-domexception-1.0.0.tgz",
      "integrity": "sha512-/jKZoMpw0F8GRwl4/eLROPA3cfcXtLApP0QzLmUT/HuPCZWyB7IY9ZrMeKw2O/nFIqPQB3PVM9aYm0F312AXDQ==",
      "funding": [
        {
          "type": "github",
          "url": "https://github.com/sponsors/jimmywarting"
        },
        {
          "type": "github",
          "url": "https://paypal.me/jimmywarting"
        }
      ],
      "engines": {
        "node": ">=10.5.0"
      }
    },
    "node_modules/node-fetch": {
      "version": "3.3.2",
      "resolved": "https://registry.npmjs.org/node-fetch/-/node-fetch-3.3.2.tgz",
      "integrity": "sha512-dRB78srN/l6gqWulah9SrxeYnxeddIG30+GOqK/9OlLVyLg3HPnr6SqOWTWOXKRwC2eGYCkZ59NNuSgvSrpgOA==",
      "dependencies": {
        "data-uri-to-buffer": "^4.0.0",
        "fetch-blob": "^3.1.4",
        "formdata-polyfill": "^4.0.10"
      },
      "engines": {
        "node": "^12.20.0 || ^14.13.1 || >=16.0.0"
      },
      "funding": {
        "type": "opencollective",
        "url": "https://opencollective.com/node-fetch"
      }
    },
    "node_modules/web-streams-polyfill": {
      "version": "3.3.3",
      "resolved": "https://registry.npmjs.org/web-streams-polyfill/-/web-streams-polyfill-3.3.3.tgz",
      "integrity": "sha512-d2JWLCivmZYTSIoge9MsgFCZrt571BikcWGYkjC1khllbTeDlGqZ2D8vD8E/lJa8WGWbb7Plm8/XJYV7IJHZZw==",
      "engines": {
        "node": ">= 8"
      }
    }
  }
}
